
Microsoft Visual Studio Solution File, Format Version 12.00
# Visual Studio 15
VisualStudioVersion = 15.0.28010.2003
MinimumVisualStudioVersion = 10.0.40219.1
Project("{F184B08F-C81C-45F6-A57F-5ABD9991F28F}") = "sample7", "sample7\sample7.vbproj", "{98342CB8-92D1-4A6E-ACCF-07E5BEE7A991}"
EndProject
Global
	GlobalSection(SolutionConfigurationPlatforms) = preSolution
		Debug|Any CPU = Debug|Any CPU
		Release|Any CPU = Release|Any CPU
	EndGlobalSection
	GlobalSection(ProjectConfigurationPlatforms) = postSolution
		{98342CB8-92D1-4A6E-ACCF-07E5BEE7A991}.Debug|Any CPU.ActiveCfg = Debug|Any CPU
		{98342CB8-92D1-4A6E-ACCF-07E5BEE7A991}.Debug|Any CPU.Build.0 = Debug|Any CPU
		{98342CB8-92D1-4A6E-ACCF-07E5BEE7A991}.Release|Any CPU.ActiveCfg = Release|Any CPU
		{98342CB8-92D1-4A6E-ACCF-07E5BEE7A991}.Release|Any CPU.Build.0 = Release|Any CPU
	EndGlobalSection
	GlobalSection(SolutionProperties) = preSolution
		HideSolutionNode = FALSE
	EndGlobalSection
	GlobalSection(ExtensibilityGlobals) = postSolution
		SolutionGuid = {017541FC-1F6D-49FD-A6FD-914B1CF7E277}
	EndGlobalSection
EndGlobal
